
Microsoft Visual Studio Solution File, Format Version 12.00
# Visual Studio 15
VisualStudioVersion = 15.0.28307.168
MinimumVisualStudioVersion = 10.0.40219.1
Project("{FAE04EC0-301F-11D3-BF4B-00C04F79EFBC}") = "PhotoSharingApplication", "PhotoSharingApplication\PhotoSharingApplication.csproj", "{2F7D341A-D042-44B5-88A7-DCC42244D774}"
EndProject
Global
	GlobalSection(SolutionConfigurationPlatforms) = preSolution
		Debug|Any CPU = Debug|Any CPU
		Release|Any CPU = Release|Any CPU
	EndGlobalSection
	GlobalSection(ProjectConfigurationPlatforms) = postSolution
		{2F7D341A-D042-44B5-88A7-DCC42244D774}.Debug|Any CPU.ActiveCfg = Debug|Any CPU
		{2F7D341A-D042-44B5-88A7-DCC42244D774}.Debug|Any CPU.Build.0 = Debug|Any CPU
		{2F7D341A-D042-44B5-88A7-DCC42244D774}.Release|Any CPU.ActiveCfg = Release|Any CPU
		{2F7D341A-D042-44B5-88A7-DCC42244D774}.Release|Any CPU.Build.0 = Release|Any CPU
	EndGlobalSection
	GlobalSection(SolutionProperties) = preSolution
		HideSolutionNode = FALSE
	EndGlobalSection
	GlobalSection(ExtensibilityGlobals) = postSolution
		SolutionGuid = {5B3C8C17-C8E0-4330-8DCD-90B87D6F8F14}
	EndGlobalSection
EndGlobal
